
Microsoft Visual Studio Solution File, Format Version 12.00
# Visual Studio Version 16
VisualStudioVersion = 16.0.31025.194
MinimumVisualStudioVersion = 10.0.40219.1
Project("{9A19103F-16F7-4668-BE54-9A1E7A4F7556}") = "Synthesis.Bethesda.SettingsHost", "Synthesis.Bethesda.SettingsHost\Synthesis.Bethesda.SettingsHost.csproj", "{B05262D5-513D-4648-9DBF-D775D6DCD74F}"
EndProject
Global
	GlobalSection(SolutionConfigurationPlatforms) = preSolution
		Debug|x64 = Debug|x64
		Release|x64 = Release|x64
	EndGlobalSection
	GlobalSection(ProjectConfigurationPlatforms) = postSolution
		{B05262D5-513D-4648-9DBF-D775D6DCD74F}.Debug|x64.ActiveCfg = Debug|x64
		{B05262D5-513D-4648-9DBF-D775D6DCD74F}.Debug|x64.Build.0 = Debug|x64
		{B05262D5-513D-4648-9DBF-D775D6DCD74F}.Release|x64.ActiveCfg = Release|x64
		{B05262D5-513D-4648-9DBF-D775D6DCD74F}.Release|x64.Build.0 = Release|x64
	EndGlobalSection
	GlobalSection(SolutionProperties) = preSolution
		HideSolutionNode = FALSE
	EndGlobalSection
	GlobalSection(ExtensibilityGlobals) = postSolution
		SolutionGuid = {AEAA0B31-91A2-40AD-ACD6-35C1F852913A}
	EndGlobalSection
EndGlobal
