
Microsoft Visual Studio Solution File, Format Version 12.00
# Visual Studio Version 16
VisualStudioVersion = 16.0.31025.194
MinimumVisualStudioVersion = 10.0.40219.1
Project("{FAE04EC0-301F-11D3-BF4B-00C04F79EFBC}") = "Synthesis.Bethesda.SettingsHost", "Synthesis.Bethesda.SettingsHost\Synthesis.Bethesda.SettingsHost.csproj", "{B05262D5-513D-4648-9DBF-D775D6DCD74F}"
EndProject
Global
	GlobalSection(SolutionConfigurationPlatforms) = preSolution
		Debug|Any CPU = Debug|Any CPU
		Release|Any CPU = Release|Any CPU
	EndGlobalSection
	GlobalSection(ProjectConfigurationPlatforms) = postSolution
		{B05262D5-513D-4648-9DBF-D775D6DCD74F}.Debug|Any CPU.ActiveCfg = Debug|Any CPU
		{B05262D5-513D-4648-9DBF-D775D6DCD74F}.Debug|Any CPU.Build.0 = Debug|Any CPU
		{B05262D5-513D-4648-9DBF-D775D6DCD74F}.Release|Any CPU.ActiveCfg = Release|Any CPU
		{B05262D5-513D-4648-9DBF-D775D6DCD74F}.Release|Any CPU.Build.0 = Release|Any CPU
	EndGlobalSection
	GlobalSection(SolutionProperties) = preSolution
		HideSolutionNode = FALSE
	EndGlobalSection
	GlobalSection(ExtensibilityGlobals) = postSolution
		SolutionGuid = {AEAA0B31-91A2-40AD-ACD6-35C1F852913A}
	EndGlobalSection
EndGlobal
